
Microsoft Visual Studio Solution File, Format Version 12.00
# Visual Studio Version 17
VisualStudioVersion = 17.11.35327.3
MinimumVisualStudioVersion = 10.0.40219.1
Project("{FAE04EC0-301F-11D3-BF4B-00C04F79EFBC}") = "PackingValidationSystem1", "PackingValidationSystem\PackingValidationSystem1.csproj", "{9D00DEE8-06D6-4AA9-872A-25F913EE0EED}"
EndProject
Global
	GlobalSection(SolutionConfigurationPlatforms) = preSolution
		Debug|Any CPU = Debug|Any CPU
		Release|Any CPU = Release|Any CPU
	EndGlobalSection
	GlobalSection(ProjectConfigurationPlatforms) = postSolution
		{9D00DEE8-06D6-4AA9-872A-25F913EE0EED}.Debug|Any CPU.ActiveCfg = Debug|Any CPU
		{9D00DEE8-06D6-4AA9-872A-25F913EE0EED}.Debug|Any CPU.Build.0 = Debug|Any CPU
		{9D00DEE8-06D6-4AA9-872A-25F913EE0EED}.Release|Any CPU.ActiveCfg = Release|Any CPU
		{9D00DEE8-06D6-4AA9-872A-25F913EE0EED}.Release|Any CPU.Build.0 = Release|Any CPU
	EndGlobalSection
	GlobalSection(SolutionProperties) = preSolution
		HideSolutionNode = FALSE
	EndGlobalSection
	GlobalSection(ExtensibilityGlobals) = postSolution
		SolutionGuid = {05A53BF5-ED26-4643-B41F-1296959200B0}
	EndGlobalSection
EndGlobal
